
Microsoft Visual Studio Solution File, Format Version 12.00
# Visual Studio 15
VisualStudioVersion = 15.0.28307.489
MinimumVisualStudioVersion = 10.0.40219.1
Project("{9A19103F-16F7-4668-BE54-9A1E7A4F7556}") = "MaikeBing.EntityFrameworkCore.LiteDB", "MaikeBing.EntityFrameworkCore.LiteDB\MaikeBing.EntityFrameworkCore.LiteDB.csproj", "{D56CDB09-4B82-430C-85E2-96B21B2D6A3C}"
EndProject
Project("{FAE04EC0-301F-11D3-BF4B-00C04F79EFBC}") = "LiteDBWebApplication", "LiteDBWebApplication\LiteDBWebApplication.csproj", "{CEEF722B-AA2F-441F-B3CA-ECC23B33C982}"
EndProject
Global
	GlobalSection(SolutionConfigurationPlatforms) = preSolution
		Debug|Any CPU = Debug|Any CPU
		Release|Any CPU = Release|Any CPU
	EndGlobalSection
	GlobalSection(ProjectConfigurationPlatforms) = postSolution
		{D56CDB09-4B82-430C-85E2-96B21B2D6A3C}.Debug|Any CPU.ActiveCfg = Debug|Any CPU
		{D56CDB09-4B82-430C-85E2-96B21B2D6A3C}.Debug|Any CPU.Build.0 = Debug|Any CPU
		{D56CDB09-4B82-430C-85E2-96B21B2D6A3C}.Release|Any CPU.ActiveCfg = Release|Any CPU
		{D56CDB09-4B82-430C-85E2-96B21B2D6A3C}.Release|Any CPU.Build.0 = Release|Any CPU
		{CEEF722B-AA2F-441F-B3CA-ECC23B33C982}.Debug|Any CPU.ActiveCfg = Debug|Any CPU
		{CEEF722B-AA2F-441F-B3CA-ECC23B33C982}.Debug|Any CPU.Build.0 = Debug|Any CPU
		{CEEF722B-AA2F-441F-B3CA-ECC23B33C982}.Release|Any CPU.ActiveCfg = Release|Any CPU
		{CEEF722B-AA2F-441F-B3CA-ECC23B33C982}.Release|Any CPU.Build.0 = Release|Any CPU
	EndGlobalSection
	GlobalSection(SolutionProperties) = preSolution
		HideSolutionNode = FALSE
	EndGlobalSection
	GlobalSection(ExtensibilityGlobals) = postSolution
		SolutionGuid = {B0E0EB1D-3B28-474B-B1CF-0CF49301D73C}
	EndGlobalSection
EndGlobal
